// !$*UTF8*$!
{
	archiveVersion = 1;
	classes = {
	};
	objectVersion = 50;
	objects = {

/* Begin PBXBuildFile section */
		1D6FD2A7198571EA15F7C153 /* RxSwift.framework in Embed Carthage Frameworks */ = {isa = PBXBuildFile; fileRef = AD7A9AB9645510B50DDFE205 /* RxSwift.framework */; settings = {ATTRIBUTES = (CodeSignOnCopy, RemoveHeadersOnCopy, ); }; };
		21952DFABD9D577CAC362AE7 /* RxCocoa.framework in Embed Carthage Frameworks */ = {isa = PBXBuildFile; fileRef = AB98E6E4587F1B083064B0D0 /* RxCocoa.framework */; settings = {ATTRIBUTES = (CodeSignOnCopy, RemoveHeadersOnCopy, ); }; };
		23DDD88F2348BE9100FEF671 /* BuildFile in Frameworks */ = {isa = PBXBuildFile; };
		23DDD8912348BE9100FEF671 /* BuildFile in Frameworks */ = {isa = PBXBuildFile; };
		23DDD8932348BE9100FEF671 /* BuildFile in Frameworks */ = {isa = PBXBuildFile; };
		23DDD8952348BE9100FEF671 /* BuildFile in Frameworks */ = {isa = PBXBuildFile; };
		23DDD8972348BE9100FEF671 /* BuildFile in Frameworks */ = {isa = PBXBuildFile; };
		23DDD8992348BE9100FEF671 /* BuildFile in Frameworks */ = {isa = PBXBuildFile; };
		23DDD89B2348BE9100FEF671 /* BuildFile in Frameworks */ = {isa = PBXBuildFile; };
		23FECA2723489E5100049161 /* AppDelegate.swift in Sources */ = {isa = PBXBuildFile; fileRef = 23FECA2623489E5100049161 /* AppDelegate.swift */; };
		23FECA2923489E5100049161 /* ViewController.swift in Sources */ = {isa = PBXBuildFile; fileRef = 23FECA2823489E5100049161 /* ViewController.swift */; };
		23FECA2C23489E5100049161 /* Main.storyboard in Resources */ = {isa = PBXBuildFile; fileRef = 23FECA2A23489E5100049161 /* Main.storyboard */; };
		23FECA2E23489E5200049161 /* Assets.xcassets in Resources */ = {isa = PBXBuildFile; fileRef = 23FECA2D23489E5200049161 /* Assets.xcassets */; };
		23FECA3123489E5200049161 /* LaunchScreen.storyboard in Resources */ = {isa = PBXBuildFile; fileRef = 23FECA2F23489E5200049161 /* LaunchScreen.storyboard */; };
		7507D642B7D21EF1242159A7 /* RxAtomic.framework in Embed Carthage Frameworks */ = {isa = PBXBuildFile; fileRef = AAA97507732DB911C70B1F31 /* RxAtomic.framework */; settings = {ATTRIBUTES = (CodeSignOnCopy, RemoveHeadersOnCopy, ); }; };
		C0C6C779945CA155C1251092 /* RxBlocking.framework in Embed Carthage Frameworks */ = {isa = PBXBuildFile; fileRef = 96D58AA40E138B04A8F8222D /* RxBlocking.framework */; settings = {ATTRIBUTES = (CodeSignOnCopy, RemoveHeadersOnCopy, ); }; };
		DD0885383E9786275A167EDA /* RxTest.framework in Embed Carthage Frameworks */ = {isa = PBXBuildFile; fileRef = 6562D5138AA4C2FE0FDB59C6 /* RxTest.framework */; settings = {ATTRIBUTES = (CodeSignOnCopy, RemoveHeadersOnCopy, ); }; };
		E923A837E8C6B58392299A2F /* RxAlertController.framework in Embed Carthage Frameworks */ = {isa = PBXBuildFile; fileRef = 7208229EA4C5937EB54D92D2 /* RxAlertController.framework */; settings = {ATTRIBUTES = (CodeSignOnCopy, RemoveHeadersOnCopy, ); }; };
/* End PBXBuildFile section */

/* Begin PBXCopyFilesBuildPhase section */
		F6D83A62D168B5675FED3E66 /* Embed Carthage Frameworks */ = {
			isa = PBXCopyFilesBuildPhase;
			buildActionMask = 2147483647;
			dstPath = "";
			dstSubfolderSpec = 10;
			files = (
				E923A837E8C6B58392299A2F /* RxAlertController.framework in Embed Carthage Frameworks */,
				DD0885383E9786275A167EDA /* RxTest.framework in Embed Carthage Frameworks */,
				7507D642B7D21EF1242159A7 /* RxAtomic.framework in Embed Carthage Frameworks */,
				21952DFABD9D577CAC362AE7 /* RxCocoa.framework in Embed Carthage Frameworks */,
				1D6FD2A7198571EA15F7C153 /* RxSwift.framework in Embed Carthage Frameworks */,
				C0C6C779945CA155C1251092 /* RxBlocking.framework in Embed Carthage Frameworks */,
			);
			name = "Embed Carthage Frameworks";
			runOnlyForDeploymentPostprocessing = 0;
		};
/* End PBXCopyFilesBuildPhase section */

/* Begin PBXFileReference section */
		23FECA2323489E5100049161 /* RxAlertControllerExample.app */ = {isa = PBXFileReference; explicitFileType = wrapper.application; includeInIndex = 0; path = RxAlertControllerExample.app; sourceTree = BUILT_PRODUCTS_DIR; };
		23FECA2623489E5100049161 /* AppDelegate.swift */ = {isa = PBXFileReference; lastKnownFileType = sourcecode.swift; path = AppDelegate.swift; sourceTree = "<group>"; };
		23FECA2823489E5100049161 /* ViewController.swift */ = {isa = PBXFileReference; lastKnownFileType = sourcecode.swift; path = ViewController.swift; sourceTree = "<group>"; };
		23FECA2B23489E5100049161 /* Base */ = {isa = PBXFileReference; lastKnownFileType = file.storyboard; name = Base; path = Base.lproj/Main.storyboard; sourceTree = "<group>"; };
		23FECA2D23489E5200049161 /* Assets.xcassets */ = {isa = PBXFileReference; lastKnownFileType = folder.assetcatalog; path = Assets.xcassets; sourceTree = "<group>"; };
		23FECA3023489E5200049161 /* Base */ = {isa = PBXFileReference; lastKnownFileType = file.storyboard; name = Base; path = Base.lproj/LaunchScreen.storyboard; sourceTree = "<group>"; };
		23FECA3223489E5200049161 /* Info.plist */ = {isa = PBXFileReference; lastKnownFileType = text.plist.xml; path = Info.plist; sourceTree = "<group>"; };
		2A3BDF71F4F05DE0C9CDDBA2 /* RxAlertController.framework */ = {isa = PBXFileReference; lastKnownFileType = wrapper.framework; name = RxAlertController.framework; path = Carthage/Build/iOS/RxAlertController.framework; sourceTree = "<group>"; };
		6562D5138AA4C2FE0FDB59C6 /* RxTest.framework */ = {isa = PBXFileReference; lastKnownFileType = wrapper.framework; name = RxTest.framework; path = Carthage/Build/iOS/RxTest.framework; sourceTree = "<group>"; };
		7208229EA4C5937EB54D92D2 /* RxAlertController.framework */ = {isa = PBXFileReference; lastKnownFileType = wrapper.framework; name = RxAlertController.framework; path = Carthage/Build/iOS/RxAlertController.framework; sourceTree = "<group>"; };
		96D58AA40E138B04A8F8222D /* RxBlocking.framework */ = {isa = PBXFileReference; lastKnownFileType = wrapper.framework; name = RxBlocking.framework; path = Carthage/Build/iOS/RxBlocking.framework; sourceTree = "<group>"; };
		AAA97507732DB911C70B1F31 /* RxAtomic.framework */ = {isa = PBXFileReference; lastKnownFileType = wrapper.framework; name = RxAtomic.framework; path = Carthage/Build/iOS/RxAtomic.framework; sourceTree = "<group>"; };
		AB98E6E4587F1B083064B0D0 /* RxCocoa.framework */ = {isa = PBXFileReference; lastKnownFileType = wrapper.framework; name = RxCocoa.framework; path = Carthage/Build/iOS/RxCocoa.framework; sourceTree = "<group>"; };
		AD7A9AB9645510B50DDFE205 /* RxSwift.framework */ = {isa = PBXFileReference; lastKnownFileType = wrapper.framework; name = RxSwift.framework; path = Carthage/Build/iOS/RxSwift.framework; sourceTree = "<group>"; };
/* End PBXFileReference section */

/* Begin PBXFrameworksBuildPhase section */
		23FECA2023489E5100049161 /* Frameworks */ = {
			isa = PBXFrameworksBuildPhase;
			buildActionMask = 2147483647;
			files = (
				23DDD89B2348BE9100FEF671 /* BuildFile in Frameworks */,
				23DDD88F2348BE9100FEF671 /* BuildFile in Frameworks */,
				23DDD8952348BE9100FEF671 /* BuildFile in Frameworks */,
				23DDD8992348BE9100FEF671 /* BuildFile in Frameworks */,
				23DDD8912348BE9100FEF671 /* BuildFile in Frameworks */,
				23DDD8972348BE9100FEF671 /* BuildFile in Frameworks */,
				23DDD8932348BE9100FEF671 /* BuildFile in Frameworks */,
			);
			runOnlyForDeploymentPostprocessing = 0;
		};
/* End PBXFrameworksBuildPhase section */

/* Begin PBXGroup section */
		23FECA1A23489E5100049161 = {
			isa = PBXGroup;
			children = (
				23FECA2523489E5100049161 /* RxAlertControllerExample */,
				23FECA2423489E5100049161 /* Products */,
				23FECA382348BA5D00049161 /* Frameworks */,
			);
			sourceTree = "<group>";
		};
		23FECA2423489E5100049161 /* Products */ = {
			isa = PBXGroup;
			children = (
				23FECA2323489E5100049161 /* RxAlertControllerExample.app */,
			);
			name = Products;
			sourceTree = "<group>";
		};
		23FECA2523489E5100049161 /* RxAlertControllerExample */ = {
			isa = PBXGroup;
			children = (
				23FECA2623489E5100049161 /* AppDelegate.swift */,
				23FECA2823489E5100049161 /* ViewController.swift */,
				23FECA2A23489E5100049161 /* Main.storyboard */,
				23FECA2D23489E5200049161 /* Assets.xcassets */,
				23FECA2F23489E5200049161 /* LaunchScreen.storyboard */,
				23FECA3223489E5200049161 /* Info.plist */,
			);
			path = RxAlertControllerExample;
			sourceTree = "<group>";
		};
		23FECA382348BA5D00049161 /* Frameworks */ = {
			isa = PBXGroup;
			children = (
				7208229EA4C5937EB54D92D2 /* RxAlertController.framework */,
				6562D5138AA4C2FE0FDB59C6 /* RxTest.framework */,
				AAA97507732DB911C70B1F31 /* RxAtomic.framework */,
				AB98E6E4587F1B083064B0D0 /* RxCocoa.framework */,
				AD7A9AB9645510B50DDFE205 /* RxSwift.framework */,
				96D58AA40E138B04A8F8222D /* RxBlocking.framework */,
			);
			name = Frameworks;
			sourceTree = "<group>";
		};
/* End PBXGroup section */

/* Begin PBXNativeTarget section */
		23FECA2223489E5100049161 /* RxAlertControllerExample */ = {
			isa = PBXNativeTarget;
			buildConfigurationList = 23FECA3523489E5200049161 /* Build configuration list for PBXNativeTarget "RxAlertControllerExample" */;
			buildPhases = (
				23FECA1F23489E5100049161 /* Sources */,
				23FECA2023489E5100049161 /* Frameworks */,
				23FECA2123489E5100049161 /* Resources */,
				F6D83A62D168B5675FED3E66 /* Embed Carthage Frameworks */,
				1F3FD7AFFC749F9C42F860AB /* Remove Unwanted Framework Architectures */,
			);
			buildRules = (
			);
			dependencies = (
			);
			name = RxAlertControllerExample;
			productName = RxAlertControllerExample;
			productReference = 23FECA2323489E5100049161 /* RxAlertControllerExample.app */;
			productType = "com.apple.product-type.application";
		};
/* End PBXNativeTarget section */

/* Begin PBXProject section */
		23FECA1B23489E5100049161 /* Project object */ = {
			isa = PBXProject;
			attributes = {
				LastSwiftUpdateCheck = 1030;
				LastUpgradeCheck = 1030;
				ORGANIZATIONNAME = pisces;
				TargetAttributes = {
					23FECA2223489E5100049161 = {
						CreatedOnToolsVersion = 10.3;
					};
				};
			};
			buildConfigurationList = 23FECA1E23489E5100049161 /* Build configuration list for PBXProject "RxAlertControllerExample" */;
			compatibilityVersion = "Xcode 9.3";
			developmentRegion = en;
			hasScannedForEncodings = 0;
			knownRegions = (
				en,
				Base,
			);
			mainGroup = 23FECA1A23489E5100049161;
			productRefGroup = 23FECA2423489E5100049161 /* Products */;
			projectDirPath = "";
			projectRoot = "";
			targets = (
				23FECA2223489E5100049161 /* RxAlertControllerExample */,
			);
		};
/* End PBXProject section */

/* Begin PBXResourcesBuildPhase section */
		23FECA2123489E5100049161 /* Resources */ = {
			isa = PBXResourcesBuildPhase;
			buildActionMask = 2147483647;
			files = (
				23FECA3123489E5200049161 /* LaunchScreen.storyboard in Resources */,
				23FECA2E23489E5200049161 /* Assets.xcassets in Resources */,
				23FECA2C23489E5100049161 /* Main.storyboard in Resources */,
			);
			runOnlyForDeploymentPostprocessing = 0;
		};
/* End PBXResourcesBuildPhase section */

/* Begin PBXShellScriptBuildPhase section */
		1F3FD7AFFC749F9C42F860AB /* Remove Unwanted Framework Architectures */ = {
			isa = PBXShellScriptBuildPhase;
			buildActionMask = 2147483647;
			files = (
			);
			inputFileListPaths = (
			);
			inputPaths = (
			);
			name = "Remove Unwanted Framework Architectures";
			outputFileListPaths = (
			);
			outputPaths = (
			);
			runOnlyForDeploymentPostprocessing = 0;
			shellPath = /bin/sh;
			shellScript = "\nif [ \"${CONFIGURATION}\" = \"Release\" ]; then\n  APP_PATH=\"${TARGET_BUILD_DIR}/${WRAPPER_NAME}\"\n\n  # This script loops through the frameworks embedded in the application and\n  # removes unused architectures.\n  find \"$APP_PATH\" -name '*.framework' -type d | while read -r FRAMEWORK\n  do\n  FRAMEWORK_EXECUTABLE_NAME=$(defaults read \"$FRAMEWORK/Info.plist\" CFBundleExecutable)\n  FRAMEWORK_EXECUTABLE_PATH=\"$FRAMEWORK/$FRAMEWORK_EXECUTABLE_NAME\"\n  echo \"Executable is $FRAMEWORK_EXECUTABLE_PATH\"\n\n  EXTRACTED_ARCHS=()\n\n  for ARCH in $ARCHS\n  do\n  echo \"Extracting $ARCH from $FRAMEWORK_EXECUTABLE_NAME\"\n  lipo -extract \"$ARCH\" \"$FRAMEWORK_EXECUTABLE_PATH\" -o \"$FRAMEWORK_EXECUTABLE_PATH-$ARCH\"\n  EXTRACTED_ARCHS+=(\"$FRAMEWORK_EXECUTABLE_PATH-$ARCH\")\n  done\n\n  echo \"Merging extracted architectures: ${ARCHS}\"\n  lipo -o \"$FRAMEWORK_EXECUTABLE_PATH-merged\" -create \"${EXTRACTED_ARCHS[@]}\"\n  rm \"${EXTRACTED_ARCHS[@]}\"\n\n  echo \"Replacing original executable with thinned version\"\n  rm \"$FRAMEWORK_EXECUTABLE_PATH\"\n  mv \"$FRAMEWORK_EXECUTABLE_PATH-merged\" \"$FRAMEWORK_EXECUTABLE_PATH\"\n\n  done\nfi";
		};
/* End PBXShellScriptBuildPhase section */

/* Begin PBXSourcesBuildPhase section */
		23FECA1F23489E5100049161 /* Sources */ = {
			isa = PBXSourcesBuildPhase;
			buildActionMask = 2147483647;
			files = (
				23FECA2923489E5100049161 /* ViewController.swift in Sources */,
				23FECA2723489E5100049161 /* AppDelegate.swift in Sources */,
			);
			runOnlyForDeploymentPostprocessing = 0;
		};
/* End PBXSourcesBuildPhase section */

/* Begin PBXVariantGroup section */
		23FECA2A23489E5100049161 /* Main.storyboard */ = {
			isa = PBXVariantGroup;
			children = (
				23FECA2B23489E5100049161 /* Base */,
			);
			name = Main.storyboard;
			sourceTree = "<group>";
		};
		23FECA2F23489E5200049161 /* LaunchScreen.storyboard */ = {
			isa = PBXVariantGroup;
			children = (
				23FECA3023489E5200049161 /* Base */,
			);
			name = LaunchScreen.storyboard;
			sourceTree = "<group>";
		};
/* End PBXVariantGroup section */

/* Begin XCBuildConfiguration section */
		23FECA3323489E5200049161 /* Debug */ = {
			isa = XCBuildConfiguration;
			buildSettings = {
				ALWAYS_SEARCH_USER_PATHS = NO;
				CLANG_ANALYZER_NONNULL = YES;
				CLANG_ANALYZER_NUMBER_OBJECT_CONVERSION = YES_AGGRESSIVE;
				CLANG_CXX_LANGUAGE_STANDARD = "gnu++14";
				CLANG_CXX_LIBRARY = "libc++";
				CLANG_ENABLE_MODULES = YES;
				CLANG_ENABLE_OBJC_ARC = YES;
				CLANG_ENABLE_OBJC_WEAK = YES;
				CLANG_WARN_BLOCK_CAPTURE_AUTORELEASING = YES;
				CLANG_WARN_BOOL_CONVERSION = YES;
				CLANG_WARN_COMMA = YES;
				CLANG_WARN_CONSTANT_CONVERSION = YES;
				CLANG_WARN_DEPRECATED_OBJC_IMPLEMENTATIONS = YES;
				CLANG_WARN_DIRECT_OBJC_ISA_USAGE = YES_ERROR;
				CLANG_WARN_DOCUMENTATION_COMMENTS = YES;
				CLANG_WARN_EMPTY_BODY = YES;
				CLANG_WARN_ENUM_CONVERSION = YES;
				CLANG_WARN_INFINITE_RECURSION = YES;
				CLANG_WARN_INT_CONVERSION = YES;
				CLANG_WARN_NON_LITERAL_NULL_CONVERSION = YES;
				CLANG_WARN_OBJC_IMPLICIT_RETAIN_SELF = YES;
				CLANG_WARN_OBJC_LITERAL_CONVERSION = YES;
				CLANG_WARN_OBJC_ROOT_CLASS = YES_ERROR;
				CLANG_WARN_RANGE_LOOP_ANALYSIS = YES;
				CLANG_WARN_STRICT_PROTOTYPES = YES;
				CLANG_WARN_SUSPICIOUS_MOVE = YES;
				CLANG_WARN_UNGUARDED_AVAILABILITY = YES_AGGRESSIVE;
				CLANG_WARN_UNREACHABLE_CODE = YES;
				CLANG_WARN__DUPLICATE_METHOD_MATCH = YES;
				CODE_SIGN_IDENTITY = "iPhone Developer";
				COPY_PHASE_STRIP = NO;
				DEBUG_INFORMATION_FORMAT = dwarf;
				ENABLE_STRICT_OBJC_MSGSEND = YES;
				ENABLE_TESTABILITY = YES;
				GCC_C_LANGUAGE_STANDARD = gnu11;
				GCC_DYNAMIC_NO_PIC = NO;
				GCC_NO_COMMON_BLOCKS = YES;
				GCC_OPTIMIZATION_LEVEL = 0;
				GCC_PREPROCESSOR_DEFINITIONS = (
					"DEBUG=1",
					"$(inherited)",
				);
				GCC_WARN_64_TO_32_BIT_CONVERSION = YES;
				GCC_WARN_ABOUT_RETURN_TYPE = YES_ERROR;
				GCC_WARN_UNDECLARED_SELECTOR = YES;
				GCC_WARN_UNINITIALIZED_AUTOS = YES_AGGRESSIVE;
				GCC_WARN_UNUSED_FUNCTION = YES;
				GCC_WARN_UNUSED_VARIABLE = YES;
				IPHONEOS_DEPLOYMENT_TARGET = 12.4;
				MTL_ENABLE_DEBUG_INFO = INCLUDE_SOURCE;
				MTL_FAST_MATH = YES;
				ONLY_ACTIVE_ARCH = YES;
				SDKROOT = iphoneos;
				SWIFT_ACTIVE_COMPILATION_CONDITIONS = DEBUG;
				SWIFT_OPTIMIZATION_LEVEL = "-Onone";
			};
			name = Debug;
		};
		23FECA3423489E5200049161 /* Release */ = {
			isa = XCBuildConfiguration;
			buildSettings = {
				ALWAYS_SEARCH_USER_PATHS = NO;
				CLANG_ANALYZER_NONNULL = YES;
				CLANG_ANALYZER_NUMBER_OBJECT_CONVERSION = YES_AGGRESSIVE;
				CLANG_CXX_LANGUAGE_STANDARD = "gnu++14";
				CLANG_CXX_LIBRARY = "libc++";
				CLANG_ENABLE_MODULES = YES;
				CLANG_ENABLE_OBJC_ARC = YES;
				CLANG_ENABLE_OBJC_WEAK = YES;
				CLANG_WARN_BLOCK_CAPTURE_AUTORELEASING = YES;
				CLANG_WARN_BOOL_CONVERSION = YES;
				CLANG_WARN_COMMA = YES;
				CLANG_WARN_CONSTANT_CONVERSION = YES;
				CLANG_WARN_DEPRECATED_OBJC_IMPLEMENTATIONS = YES;
				CLANG_WARN_DIRECT_OBJC_ISA_USAGE = YES_ERROR;
				CLANG_WARN_DOCUMENTATION_COMMENTS = YES;
				CLANG_WARN_EMPTY_BODY = YES;
				CLANG_WARN_ENUM_CONVERSION = YES;
				CLANG_WARN_INFINITE_RECURSION = YES;
				CLANG_WARN_INT_CONVERSION = YES;
				CLANG_WARN_NON_LITERAL_NULL_CONVERSION = YES;
				CLANG_WARN_OBJC_IMPLICIT_RETAIN_SELF = YES;
				CLANG_WARN_OBJC_LITERAL_CONVERSION = YES;
				CLANG_WARN_OBJC_ROOT_CLASS = YES_ERROR;
				CLANG_WARN_RANGE_LOOP_ANALYSIS = YES;
				CLANG_WARN_STRICT_PROTOTYPES = YES;
				CLANG_WARN_SUSPICIOUS_MOVE = YES;
				CLANG_WARN_UNGUARDED_AVAILABILITY = YES_AGGRESSIVE;
				CLANG_WARN_UNREACHABLE_CODE = YES;
				CLANG_WARN__DUPLICATE_METHOD_MATCH = YES;
				CODE_SIGN_IDENTITY = "iPhone Developer";
				COPY_PHASE_STRIP = NO;
				DEBUG_INFORMATION_FORMAT = "dwarf-with-dsym";
				ENABLE_NS_ASSERTIONS = NO;
				ENABLE_STRICT_OBJC_MSGSEND = YES;
				GCC_C_LANGUAGE_STANDARD = gnu11;
				GCC_NO_COMMON_BLOCKS = YES;
				GCC_WARN_64_TO_32_BIT_CONVERSION = YES;
				GCC_WARN_ABOUT_RETURN_TYPE = YES_ERROR;
				GCC_WARN_UNDECLARED_SELECTOR = YES;
				GCC_WARN_UNINITIALIZED_AUTOS = YES_AGGRESSIVE;
				GCC_WARN_UNUSED_FUNCTION = YES;
				GCC_WARN_UNUSED_VARIABLE = YES;
				IPHONEOS_DEPLOYMENT_TARGET = 12.4;
				MTL_ENABLE_DEBUG_INFO = NO;
				MTL_FAST_MATH = YES;
				SDKROOT = iphoneos;
				SWIFT_COMPILATION_MODE = wholemodule;
				SWIFT_OPTIMIZATION_LEVEL = "-O";
				VALIDATE_PRODUCT = YES;
			};
			name = Release;
		};
		23FECA3623489E5200049161 /* Debug */ = {
			isa = XCBuildConfiguration;
			buildSettings = {
				ASSETCATALOG_COMPILER_APPICON_NAME = AppIcon;
				CODE_SIGN_STYLE = Automatic;
				FRAMEWORK_SEARCH_PATHS = (
					"$(inherited)",
					"$(PROJECT_DIR)/Carthage/Build/iOS",
				);
				INFOPLIST_FILE = RxAlertControllerExample/Info.plist;
				LD_RUNPATH_SEARCH_PATHS = (
					"$(inherited)",
					"@executable_path/Frameworks",
				);
				PRODUCT_BUNDLE_IDENTIFIER = pisces.examples.RxAlertControllerExample;
				PRODUCT_NAME = "$(TARGET_NAME)";
				SWIFT_VERSION = 5.0;
				TARGETED_DEVICE_FAMILY = "1,2";
			};
			name = Debug;
		};
		23FECA3723489E5200049161 /* Release */ = {
			isa = XCBuildConfiguration;
			buildSettings = {
				ASSETCATALOG_COMPILER_APPICON_NAME = AppIcon;
				CODE_SIGN_STYLE = Automatic;
				FRAMEWORK_SEARCH_PATHS = (
					"$(inherited)",
					"$(PROJECT_DIR)/Carthage/Build/iOS",
				);
				INFOPLIST_FILE = RxAlertControllerExample/Info.plist;
				LD_RUNPATH_SEARCH_PATHS = (
					"$(inherited)",
					"@executable_path/Frameworks",
				);
				PRODUCT_BUNDLE_IDENTIFIER = pisces.examples.RxAlertControllerExample;
				PRODUCT_NAME = "$(TARGET_NAME)";
				SWIFT_VERSION = 5.0;
				TARGETED_DEVICE_FAMILY = "1,2";
			};
			name = Release;
		};
/* End XCBuildConfiguration section */

/* Begin XCConfigurationList section */
		23FECA1E23489E5100049161 /* Build configuration list for PBXProject "RxAlertControllerExample" */ = {
			isa = XCConfigurationList;
			buildConfigurations = (
				23FECA3323489E5200049161 /* Debug */,
				23FECA3423489E5200049161 /* Release */,
			);
			defaultConfigurationIsVisible = 0;
			defaultConfigurationName = Release;
		};
		23FECA3523489E5200049161 /* Build configuration list for PBXNativeTarget "RxAlertControllerExample" */ = {
			isa = XCConfigurationList;
			buildConfigurations = (
				23FECA3623489E5200049161 /* Debug */,
				23FECA3723489E5200049161 /* Release */,
			);
			defaultConfigurationIsVisible = 0;
			defaultConfigurationName = Release;
		};
/* End XCConfigurationList section */
	};
	rootObject = 23FECA1B23489E5100049161 /* Project object */;
}
